// !$*UTF8*$!
{
	archiveVersion = 1;
	classes = {
	};
	objectVersion = 46;
	objects = {

/* Begin PBXBuildFile section */
		13FE08871E2A44310035B148 /* AppDelegate.swift in Sources */ = {isa = PBXBuildFile; fileRef = 13FE08861E2A44310035B148 /* AppDelegate.swift */; };
		13FE08891E2A44310035B148 /* ViewController.swift in Sources */ = {isa = PBXBuildFile; fileRef = 13FE08881E2A44310035B148 /* ViewController.swift */; };
		13FE088C1E2A44310035B148 /* Main.storyboard in Resources */ = {isa = PBXBuildFile; fileRef = 13FE088A1E2A44310035B148 /* Main.storyboard */; };
		13FE088E1E2A44310035B148 /* Assets.xcassets in Resources */ = {isa = PBXBuildFile; fileRef = 13FE088D1E2A44310035B148 /* Assets.xcassets */; };
		13FE08911E2A44310035B148 /* LaunchScreen.storyboard in Resources */ = {isa = PBXBuildFile; fileRef = 13FE088F1E2A44310035B148 /* LaunchScreen.storyboard */; };
/* End PBXBuildFile section */

/* Begin PBXFileReference section */
		13FE08831E2A44310035B148 /* pageScrollTest.app */ = {isa = PBXFileReference; explicitFileType = wrapper.application; includeInIndex = 0; path = pageScrollTest.app; sourceTree = BUILT_PRODUCTS_DIR; };
		13FE08861E2A44310035B148 /* AppDelegate.swift */ = {isa = PBXFileReference; lastKnownFileType = sourcecode.swift; path = AppDelegate.swift; sourceTree = "<group>"; };
		13FE08881E2A44310035B148 /* ViewController.swift */ = {isa = PBXFileReference; lastKnownFileType = sourcecode.swift; path = ViewController.swift; sourceTree = "<group>"; };
		13FE088B1E2A44310035B148 /* Base */ = {isa = PBXFileReference; lastKnownFileType = file.storyboard; name = Base; path = Base.lproj/Main.storyboard; sourceTree = "<group>"; };
		13FE088D1E2A44310035B148 /* Assets.xcassets */ = {isa = PBXFileReference; lastKnownFileType = folder.assetcatalog; path = Assets.xcassets; sourceTree = "<group>"; };
		13FE08901E2A44310035B148 /* Base */ = {isa = PBXFileReference; lastKnownFileType = file.storyboard; name = Base; path = Base.lproj/LaunchScreen.storyboard; sourceTree = "<group>"; };
		13FE08921E2A44310035B148 /* Info.plist */ = {isa = PBXFileReference; lastKnownFileType = text.plist.xml; path = Info.plist; sourceTree = "<group>"; };
/* End PBXFileReference section */

/* Begin PBXFrameworksBuildPhase section */
		13FE08801E2A44310035B148 /* Frameworks */ = {
			isa = PBXFrameworksBuildPhase;
			buildActionMask = 2147483647;
			files = (
			);
			runOnlyForDeploymentPostprocessing = 0;
		};
/* End PBXFrameworksBuildPhase section */

/* Begin PBXGroup section */
		13FE087A1E2A44310035B148 = {
			isa = PBXGroup;
			children = (
				13FE08851E2A44310035B148 /* pageScrollTest */,
				13FE08841E2A44310035B148 /* Products */,
			);
			sourceTree = "<group>";
		};
		13FE08841E2A44310035B148 /* Products */ = {
			isa = PBXGroup;
			children = (
				13FE08831E2A44310035B148 /* pageScrollTest.app */,
			);
			name = Products;
			sourceTree = "<group>";
		};
		13FE08851E2A44310035B148 /* pageScrollTest */ = {
			isa = PBXGroup;
			children = (
				13FE08861E2A44310035B148 /* AppDelegate.swift */,
				13FE08881E2A44310035B148 /* ViewController.swift */,
				13FE088A1E2A44310035B148 /* Main.storyboard */,
				13FE088D1E2A44310035B148 /* Assets.xcassets */,
				13FE088F1E2A44310035B148 /* LaunchScreen.storyboard */,
				13FE08921E2A44310035B148 /* Info.plist */,
			);
			path = pageScrollTest;
			sourceTree = "<group>";
		};
/* End PBXGroup section */

/* Begin PBXNativeTarget section */
		13FE08821E2A44310035B148 /* pageScrollTest */ = {
			isa = PBXNativeTarget;
			buildConfigurationList = 13FE08951E2A44310035B148 /* Build configuration list for PBXNativeTarget "pageScrollTest" */;
			buildPhases = (
				13FE087F1E2A44310035B148 /* Sources */,
				13FE08801E2A44310035B148 /* Frameworks */,
				13FE08811E2A44310035B148 /* Resources */,
			);
			buildRules = (
			);
			dependencies = (
			);
			name = pageScrollTest;
			productName = pageScrollTest;
			productReference = 13FE08831E2A44310035B148 /* pageScrollTest.app */;
			productType = "com.apple.product-type.application";
		};
/* End PBXNativeTarget section */

/* Begin PBXProject section */
		13FE087B1E2A44310035B148 /* Project object */ = {
			isa = PBXProject;
			attributes = {
				LastSwiftUpdateCheck = 0820;
				LastUpgradeCheck = 0820;
				ORGANIZATIONNAME = "AAJM van Montfort";
				TargetAttributes = {
					13FE08821E2A44310035B148 = {
						CreatedOnToolsVersion = 8.2.1;
						DevelopmentTeam = M63MTMH786;
						ProvisioningStyle = Automatic;
					};
				};
			};
			buildConfigurationList = 13FE087E1E2A44310035B148 /* Build configuration list for PBXProject "pageScrollTest" */;
			compatibilityVersion = "Xcode 3.2";
			developmentRegion = English;
			hasScannedForEncodings = 0;
			knownRegions = (
				en,
				Base,
			);
			mainGroup = 13FE087A1E2A44310035B148;
			productRefGroup = 13FE08841E2A44310035B148 /* Products */;
			projectDirPath = "";
			projectRoot = "";
			targets = (
				13FE08821E2A44310035B148 /* pageScrollTest */,
			);
		};
/* End PBXProject section */

/* Begin PBXResourcesBuildPhase section */
		13FE08811E2A44310035B148 /* Resources */ = {
			isa = PBXResourcesBuildPhase;
			buildActionMask = 2147483647;
			files = (
				13FE08911E2A44310035B148 /* LaunchScreen.storyboard in Resources */,
				13FE088E1E2A44310035B148 /* Assets.xcassets in Resources */,
				13FE088C1E2A44310035B148 /* Main.storyboard in Resources */,
			);
			runOnlyForDeploymentPostprocessing = 0;
		};
/* End PBXResourcesBuildPhase section */

/* Begin PBXSourcesBuildPhase section */
		13FE087F1E2A44310035B148 /* Sources */ = {
			isa = PBXSourcesBuildPhase;
			buildActionMask = 2147483647;
			files = (
				13FE08891E2A44310035B148 /* ViewController.swift in Sources */,
				13FE08871E2A44310035B148 /* AppDelegate.swift in Sources */,
			);
			runOnlyForDeploymentPostprocessing = 0;
		};
/* End PBXSourcesBuildPhase section */

/* Begin PBXVariantGroup section */
		13FE088A1E2A44310035B148 /* Main.storyboard */ = {
			isa = PBXVariantGroup;
			children = (
				13FE088B1E2A44310035B148 /* Base */,
			);
			name = Main.storyboard;
			sourceTree = "<group>";
		};
		13FE088F1E2A44310035B148 /* LaunchScreen.storyboard */ = {
			isa = PBXVariantGroup;
			children = (
				13FE08901E2A44310035B148 /* Base */,
			);
			name = LaunchScreen.storyboard;
			sourceTree = "<group>";
		};
/* End PBXVariantGroup section */

/* Begin XCBuildConfiguration section */
		13FE08931E2A44310035B148 /* Debug */ = {
			isa = XCBuildConfiguration;
			buildSettings = {
				ALWAYS_SEARCH_USER_PATHS = NO;
				CLANG_ANALYZER_NONNULL = YES;
				CLANG_CXX_LANGUAGE_STANDARD = "gnu++0x";
				CLANG_CXX_LIBRARY = "libc++";
				CLANG_ENABLE_MODULES = YES;
				CLANG_ENABLE_OBJC_ARC = YES;
				CLANG_WARN_BOOL_CONVERSION = YES;
				CLANG_WARN_CONSTANT_CONVERSION = YES;
				CLANG_WARN_DIRECT_OBJC_ISA_USAGE = YES_ERROR;
				CLANG_WARN_DOCUMENTATION_COMMENTS = YES;
				CLANG_WARN_EMPTY_BODY = YES;
				CLANG_WARN_ENUM_CONVERSION = YES;
				CLANG_WARN_INFINITE_RECURSION = YES;
				CLANG_WARN_INT_CONVERSION = YES;
				CLANG_WARN_OBJC_ROOT_CLASS = YES_ERROR;
				CLANG_WARN_SUSPICIOUS_MOVE = YES;
				CLANG_WARN_UNREACHABLE_CODE = YES;
				CLANG_WARN__DUPLICATE_METHOD_MATCH = YES;
				"CODE_SIGN_IDENTITY[sdk=iphoneos*]" = "iPhone Developer";
				COPY_PHASE_STRIP = NO;
				DEBUG_INFORMATION_FORMAT = dwarf;
				ENABLE_STRICT_OBJC_MSGSEND = YES;
				ENABLE_TESTABILITY = YES;
				GCC_C_LANGUAGE_STANDARD = gnu99;
				GCC_DYNAMIC_NO_PIC = NO;
				GCC_NO_COMMON_BLOCKS = YES;
				GCC_OPTIMIZATION_LEVEL = 0;
				GCC_PREPROCESSOR_DEFINITIONS = (
					"DEBUG=1",
					"$(inherited)",
				);
				GCC_WARN_64_TO_32_BIT_CONVERSION = YES;
				GCC_WARN_ABOUT_RETURN_TYPE = YES_ERROR;
				GCC_WARN_UNDECLARED_SELECTOR = YES;
				GCC_WARN_UNINITIALIZED_AUTOS = YES_AGGRESSIVE;
				GCC_WARN_UNUSED_FUNCTION = YES;
				GCC_WARN_UNUSED_VARIABLE = YES;
				IPHONEOS_DEPLOYMENT_TARGET = 10.2;
				MTL_ENABLE_DEBUG_INFO = YES;
				ONLY_ACTIVE_ARCH = YES;
				SDKROOT = iphoneos;
				SWIFT_ACTIVE_COMPILATION_CONDITIONS = DEBUG;
				SWIFT_OPTIMIZATION_LEVEL = "-Onone";
				TARGETED_DEVICE_FAMILY = "1,2";
			};
			name = Debug;
		};
		13FE08941E2A44310035B148 /* Release */ = {
			isa = XCBuildConfiguration;
			buildSettings = {
				ALWAYS_SEARCH_USER_PATHS = NO;
				CLANG_ANALYZER_NONNULL = YES;
				CLANG_CXX_LANGUAGE_STANDARD = "gnu++0x";
				CLANG_CXX_LIBRARY = "libc++";
				CLANG_ENABLE_MODULES = YES;
				CLANG_ENABLE_OBJC_ARC = YES;
				CLANG_WARN_BOOL_CONVERSION = YES;
				CLANG_WARN_CONSTANT_CONVERSION = YES;
				CLANG_WARN_DIRECT_OBJC_ISA_USAGE = YES_ERROR;
				CLANG_WARN_DOCUMENTATION_COMMENTS = YES;
				CLANG_WARN_EMPTY_BODY = YES;
				CLANG_WARN_ENUM_CONVERSION = YES;
				CLANG_WARN_INFINITE_RECURSION = YES;
				CLANG_WARN_INT_CONVERSION = YES;
				CLANG_WARN_OBJC_ROOT_CLASS = YES_ERROR;
				CLANG_WARN_SUSPICIOUS_MOVE = YES;
				CLANG_WARN_UNREACHABLE_CODE = YES;
				CLANG_WARN__DUPLICATE_METHOD_MATCH = YES;
				"CODE_SIGN_IDENTITY[sdk=iphoneos*]" = "iPhone Developer";
				COPY_PHASE_STRIP = NO;
				DEBUG_INFORMATION_FORMAT = "dwarf-with-dsym";
				ENABLE_NS_ASSERTIONS = NO;
				ENABLE_STRICT_OBJC_MSGSEND = YES;
				GCC_C_LANGUAGE_STANDARD = gnu99;
				GCC_NO_COMMON_BLOCKS = YES;
				GCC_WARN_64_TO_32_BIT_CONVERSION = YES;
				GCC_WARN_ABOUT_RETURN_TYPE = YES_ERROR;
				GCC_WARN_UNDECLARED_SELECTOR = YES;
				GCC_WARN_UNINITIALIZED_AUTOS = YES_AGGRESSIVE;
				GCC_WARN_UNUSED_FUNCTION = YES;
				GCC_WARN_UNUSED_VARIABLE = YES;
				IPHONEOS_DEPLOYMENT_TARGET = 10.2;
				MTL_ENABLE_DEBUG_INFO = NO;
				SDKROOT = iphoneos;
				SWIFT_OPTIMIZATION_LEVEL = "-Owholemodule";
				TARGETED_DEVICE_FAMILY = "1,2";
				VALIDATE_PRODUCT = YES;
			};
			name = Release;
		};
		13FE08961E2A44310035B148 /* Debug */ = {
			isa = XCBuildConfiguration;
			buildSettings = {
				ASSETCATALOG_COMPILER_APPICON_NAME = AppIcon;
				DEVELOPMENT_TEAM = M63MTMH786;
				INFOPLIST_FILE = pageScrollTest/Info.plist;
				LD_RUNPATH_SEARCH_PATHS = "$(inherited) @executable_path/Frameworks";
				PRODUCT_BUNDLE_IDENTIFIER = com.loutthuis.pageScrollTest;
				PRODUCT_NAME = "$(TARGET_NAME)";
				SWIFT_VERSION = 3.0;
			};
			name = Debug;
		};
		13FE08971E2A44310035B148 /* Release */ = {
			isa = XCBuildConfiguration;
			buildSettings = {
				ASSETCATALOG_COMPILER_APPICON_NAME = AppIcon;
				DEVELOPMENT_TEAM = M63MTMH786;
				INFOPLIST_FILE = pageScrollTest/Info.plist;
				LD_RUNPATH_SEARCH_PATHS = "$(inherited) @executable_path/Frameworks";
				PRODUCT_BUNDLE_IDENTIFIER = com.loutthuis.pageScrollTest;
				PRODUCT_NAME = "$(TARGET_NAME)";
				SWIFT_VERSION = 3.0;
			};
			name = Release;
		};
/* End XCBuildConfiguration section */

/* Begin XCConfigurationList section */
		13FE087E1E2A44310035B148 /* Build configuration list for PBXProject "pageScrollTest" */ = {
			isa = XCConfigurationList;
			buildConfigurations = (
				13FE08931E2A44310035B148 /* Debug */,
				13FE08941E2A44310035B148 /* Release */,
			);
			defaultConfigurationIsVisible = 0;
			defaultConfigurationName = Release;
		};
		13FE08951E2A44310035B148 /* Build configuration list for PBXNativeTarget "pageScrollTest" */ = {
			isa = XCConfigurationList;
			buildConfigurations = (
				13FE08961E2A44310035B148 /* Debug */,
				13FE08971E2A44310035B148 /* Release */,
			);
			defaultConfigurationIsVisible = 0;
		};
/* End XCConfigurationList section */
	};
	rootObject = 13FE087B1E2A44310035B148 /* Project object */;
}
